
Microsoft Visual Studio Solution File, Format Version 12.00
# Visual Studio Version 16
VisualStudioVersion = 16.0.31105.61
MinimumVisualStudioVersion = 10.0.40219.1
Project("{2150E333-8FDC-42A3-9474-1A3956D46DE8}") = "Solution Items", "Solution Items", "{92127105-12BC-47F0-8E2F-E25DA58EB61E}"
	ProjectSection(SolutionItems) = preProject
		.editorconfig = .editorconfig
		README.md = README.md
	EndProjectSection
EndProject
Project("{9A19103F-16F7-4668-BE54-9A1E7A4F7556}") = "BL", "BL\BL.csproj", "{A7FDBBD4-0C95-4841-99A8-E8384AD2A7DF}"
EndProject
Project("{9A19103F-16F7-4668-BE54-9A1E7A4F7556}") = "PL", "PL\PL.csproj", "{4B76C5EF-23E5-49A6-9D0E-A9A2824CF511}"
EndProject
Project("{2150E333-8FDC-42A3-9474-1A3956D46DE8}") = "xml", "xml", "{C190F2A4-F590-4DB4-913F-82E933D93A44}"
	ProjectSection(SolutionItems) = preProject
		xml\CostumerXml.xml = xml\CostumerXml.xml
		xml\dal-config.xml = xml\dal-config.xml
		xml\DroneChargeXml.xml = xml\DroneChargeXml.xml
		xml\DroneXml.xml = xml\DroneXml.xml
		xml\ParcelXml.xml = xml\ParcelXml.xml
		xml\StationXml.xml = xml\StationXml.xml
	EndProjectSection
EndProject
Project("{9A19103F-16F7-4668-BE54-9A1E7A4F7556}") = "DalFacade", "DalFacade\DalFacade.csproj", "{A3B48E1B-84DF-43FB-99B7-8AAC6FFEC410}"
EndProject
Project("{9A19103F-16F7-4668-BE54-9A1E7A4F7556}") = "DalObject", "DalObject\DalObject.csproj", "{C0BC32BD-1319-4FA3-A439-AC2DB0722AE2}"
EndProject
Project("{9A19103F-16F7-4668-BE54-9A1E7A4F7556}") = "DalXml", "DalXml\DalXml.csproj", "{3677CC56-55B9-4A83-B2CD-89A53EF3CACD}"
EndProject
Global
	GlobalSection(SolutionConfigurationPlatforms) = preSolution
		Debug|Any CPU = Debug|Any CPU
		Release|Any CPU = Release|Any CPU
	EndGlobalSection
	GlobalSection(ProjectConfigurationPlatforms) = postSolution
		{A7FDBBD4-0C95-4841-99A8-E8384AD2A7DF}.Debug|Any CPU.ActiveCfg = Debug|Any CPU
		{A7FDBBD4-0C95-4841-99A8-E8384AD2A7DF}.Debug|Any CPU.Build.0 = Debug|Any CPU
		{A7FDBBD4-0C95-4841-99A8-E8384AD2A7DF}.Release|Any CPU.ActiveCfg = Release|Any CPU
		{A7FDBBD4-0C95-4841-99A8-E8384AD2A7DF}.Release|Any CPU.Build.0 = Release|Any CPU
		{4B76C5EF-23E5-49A6-9D0E-A9A2824CF511}.Debug|Any CPU.ActiveCfg = Debug|Any CPU
		{4B76C5EF-23E5-49A6-9D0E-A9A2824CF511}.Debug|Any CPU.Build.0 = Debug|Any CPU
		{4B76C5EF-23E5-49A6-9D0E-A9A2824CF511}.Release|Any CPU.ActiveCfg = Release|Any CPU
		{4B76C5EF-23E5-49A6-9D0E-A9A2824CF511}.Release|Any CPU.Build.0 = Release|Any CPU
		{A3B48E1B-84DF-43FB-99B7-8AAC6FFEC410}.Debug|Any CPU.ActiveCfg = Debug|Any CPU
		{A3B48E1B-84DF-43FB-99B7-8AAC6FFEC410}.Debug|Any CPU.Build.0 = Debug|Any CPU
		{A3B48E1B-84DF-43FB-99B7-8AAC6FFEC410}.Release|Any CPU.ActiveCfg = Release|Any CPU
		{A3B48E1B-84DF-43FB-99B7-8AAC6FFEC410}.Release|Any CPU.Build.0 = Release|Any CPU
		{C0BC32BD-1319-4FA3-A439-AC2DB0722AE2}.Debug|Any CPU.ActiveCfg = Debug|Any CPU
		{C0BC32BD-1319-4FA3-A439-AC2DB0722AE2}.Debug|Any CPU.Build.0 = Debug|Any CPU
		{C0BC32BD-1319-4FA3-A439-AC2DB0722AE2}.Release|Any CPU.ActiveCfg = Release|Any CPU
		{C0BC32BD-1319-4FA3-A439-AC2DB0722AE2}.Release|Any CPU.Build.0 = Release|Any CPU
		{3677CC56-55B9-4A83-B2CD-89A53EF3CACD}.Debug|Any CPU.ActiveCfg = Debug|Any CPU
		{3677CC56-55B9-4A83-B2CD-89A53EF3CACD}.Debug|Any CPU.Build.0 = Debug|Any CPU
		{3677CC56-55B9-4A83-B2CD-89A53EF3CACD}.Release|Any CPU.ActiveCfg = Release|Any CPU
		{3677CC56-55B9-4A83-B2CD-89A53EF3CACD}.Release|Any CPU.Build.0 = Release|Any CPU
	EndGlobalSection
	GlobalSection(SolutionProperties) = preSolution
		HideSolutionNode = FALSE
	EndGlobalSection
	GlobalSection(ExtensibilityGlobals) = postSolution
		SolutionGuid = {39141003-F592-4528-930B-CFDAD193F991}
	EndGlobalSection
EndGlobal
